
Microsoft Visual Studio Solution File, Format Version 12.00
# Visual Studio Version 16
VisualStudioVersion = 16.0.31424.327
MinimumVisualStudioVersion = 10.0.40219.1
Project("{FAE04EC0-301F-11D3-BF4B-00C04F79EFBC}") = "MatchGame", "MatchGame\MatchGame.csproj", "{F53BB09A-0ED5-4E62-BC51-04C2B52179FF}"
EndProject
Global
	GlobalSection(SolutionConfigurationPlatforms) = preSolution
		Debug|Any CPU = Debug|Any CPU
		Release|Any CPU = Release|Any CPU
	EndGlobalSection
	GlobalSection(ProjectConfigurationPlatforms) = postSolution
		{F53BB09A-0ED5-4E62-BC51-04C2B52179FF}.Debug|Any CPU.ActiveCfg = Debug|Any CPU
		{F53BB09A-0ED5-4E62-BC51-04C2B52179FF}.Debug|Any CPU.Build.0 = Debug|Any CPU
		{F53BB09A-0ED5-4E62-BC51-04C2B52179FF}.Release|Any CPU.ActiveCfg = Release|Any CPU
		{F53BB09A-0ED5-4E62-BC51-04C2B52179FF}.Release|Any CPU.Build.0 = Release|Any CPU
	EndGlobalSection
	GlobalSection(SolutionProperties) = preSolution
		HideSolutionNode = FALSE
	EndGlobalSection
	GlobalSection(ExtensibilityGlobals) = postSolution
		SolutionGuid = {6E76484F-E024-45CF-89D5-ABF6F64C5125}
	EndGlobalSection
EndGlobal
